
Microsoft Visual Studio Solution File, Format Version 12.00
# Visual Studio Version 17
VisualStudioVersion = 17.2.32630.192
MinimumVisualStudioVersion = 10.0.40219.1
Project("{FAE04EC0-301F-11D3-BF4B-00C04F79EFBC}") = "WebAPI", "WebAPI\WebAPI.csproj", "{0E4118F2-C145-4973-A79C-BDADAB7272E1}"
EndProject
Global
	GlobalSection(SolutionConfigurationPlatforms) = preSolution
		Debug|Any CPU = Debug|Any CPU
		Release|Any CPU = Release|Any CPU
	EndGlobalSection
	GlobalSection(ProjectConfigurationPlatforms) = postSolution
		{0E4118F2-C145-4973-A79C-BDADAB7272E1}.Debug|Any CPU.ActiveCfg = Debug|Any CPU
		{0E4118F2-C145-4973-A79C-BDADAB7272E1}.Debug|Any CPU.Build.0 = Debug|Any CPU
		{0E4118F2-C145-4973-A79C-BDADAB7272E1}.Release|Any CPU.ActiveCfg = Release|Any CPU
		{0E4118F2-C145-4973-A79C-BDADAB7272E1}.Release|Any CPU.Build.0 = Release|Any CPU
	EndGlobalSection
	GlobalSection(SolutionProperties) = preSolution
		HideSolutionNode = FALSE
	EndGlobalSection
	GlobalSection(ExtensibilityGlobals) = postSolution
		SolutionGuid = {0B7BE432-AD21-4FBB-B18C-1853A762542D}
	EndGlobalSection
EndGlobal
